// !$*UTF8*$!
{
	archiveVersion = 1;
	classes = {
	};
	objectVersion = 46;
	objects = {

/* Begin PBXBuildFile section */
		A10F672819A2071C00EDEA29 /* Foundation.framework in Frameworks */ = {isa = PBXBuildFile; fileRef = A10F672719A2071C00EDEA29 /* Foundation.framework */; };
		A10F672A19A2071C00EDEA29 /* CoreGraphics.framework in Frameworks */ = {isa = PBXBuildFile; fileRef = A10F672919A2071C00EDEA29 /* CoreGraphics.framework */; };
		A10F672C19A2071C00EDEA29 /* UIKit.framework in Frameworks */ = {isa = PBXBuildFile; fileRef = A10F672B19A2071C00EDEA29 /* UIKit.framework */; };
		A10F673219A2071C00EDEA29 /* InfoPlist.strings in Resources */ = {isa = PBXBuildFile; fileRef = A10F673019A2071C00EDEA29 /* InfoPlist.strings */; };
		A10F673419A2071C00EDEA29 /* main.m in Sources */ = {isa = PBXBuildFile; fileRef = A10F673319A2071C00EDEA29 /* main.m */; };
		A10F673819A2071C00EDEA29 /* NRIAppDelegate.m in Sources */ = {isa = PBXBuildFile; fileRef = A10F673719A2071C00EDEA29 /* NRIAppDelegate.m */; };
		A10F673B19A2071C00EDEA29 /* Main.storyboard in Resources */ = {isa = PBXBuildFile; fileRef = A10F673919A2071C00EDEA29 /* Main.storyboard */; };
		A10F673E19A2071C00EDEA29 /* NRIViewController.m in Sources */ = {isa = PBXBuildFile; fileRef = A10F673D19A2071C00EDEA29 /* NRIViewController.m */; };
		A10F674019A2071C00EDEA29 /* Images.xcassets in Resources */ = {isa = PBXBuildFile; fileRef = A10F673F19A2071C00EDEA29 /* Images.xcassets */; };
		A10F674719A2071C00EDEA29 /* XCTest.framework in Frameworks */ = {isa = PBXBuildFile; fileRef = A10F674619A2071C00EDEA29 /* XCTest.framework */; };
		A10F674819A2071C00EDEA29 /* Foundation.framework in Frameworks */ = {isa = PBXBuildFile; fileRef = A10F672719A2071C00EDEA29 /* Foundation.framework */; };
		A10F674919A2071C00EDEA29 /* UIKit.framework in Frameworks */ = {isa = PBXBuildFile; fileRef = A10F672B19A2071C00EDEA29 /* UIKit.framework */; };
		A10F675119A2071C00EDEA29 /* InfoPlist.strings in Resources */ = {isa = PBXBuildFile; fileRef = A10F674F19A2071C00EDEA29 /* InfoPlist.strings */; };
		A10F675319A2071C00EDEA29 /* NRInspectorTests.m in Sources */ = {isa = PBXBuildFile; fileRef = A10F675219A2071C00EDEA29 /* NRInspectorTests.m */; };
/* End PBXBuildFile section */

/* Begin PBXContainerItemProxy section */
		A10F674A19A2071C00EDEA29 /* PBXContainerItemProxy */ = {
			isa = PBXContainerItemProxy;
			containerPortal = A10F671C19A2071C00EDEA29 /* Project object */;
			proxyType = 1;
			remoteGlobalIDString = A10F672319A2071C00EDEA29;
			remoteInfo = NRInspector;
		};
/* End PBXContainerItemProxy section */

/* Begin PBXFileReference section */
		A10F672419A2071C00EDEA29 /* NRInspector.app */ = {isa = PBXFileReference; explicitFileType = wrapper.application; includeInIndex = 0; path = NRInspector.app; sourceTree = BUILT_PRODUCTS_DIR; };
		A10F672719A2071C00EDEA29 /* Foundation.framework */ = {isa = PBXFileReference; lastKnownFileType = wrapper.framework; name = Foundation.framework; path = System/Library/Frameworks/Foundation.framework; sourceTree = SDKROOT; };
		A10F672919A2071C00EDEA29 /* CoreGraphics.framework */ = {isa = PBXFileReference; lastKnownFileType = wrapper.framework; name = CoreGraphics.framework; path = System/Library/Frameworks/CoreGraphics.framework; sourceTree = SDKROOT; };
		A10F672B19A2071C00EDEA29 /* UIKit.framework */ = {isa = PBXFileReference; lastKnownFileType = wrapper.framework; name = UIKit.framework; path = System/Library/Frameworks/UIKit.framework; sourceTree = SDKROOT; };
		A10F672F19A2071C00EDEA29 /* NRInspector-Info.plist */ = {isa = PBXFileReference; lastKnownFileType = text.plist.xml; path = "NRInspector-Info.plist"; sourceTree = "<group>"; };
		A10F673119A2071C00EDEA29 /* en */ = {isa = PBXFileReference; lastKnownFileType = text.plist.strings; name = en; path = en.lproj/InfoPlist.strings; sourceTree = "<group>"; };
		A10F673319A2071C00EDEA29 /* main.m */ = {isa = PBXFileReference; lastKnownFileType = sourcecode.c.objc; path = main.m; sourceTree = "<group>"; };
		A10F673519A2071C00EDEA29 /* NRInspector-Prefix.pch */ = {isa = PBXFileReference; lastKnownFileType = sourcecode.c.h; path = "NRInspector-Prefix.pch"; sourceTree = "<group>"; };
		A10F673619A2071C00EDEA29 /* NRIAppDelegate.h */ = {isa = PBXFileReference; lastKnownFileType = sourcecode.c.h; path = NRIAppDelegate.h; sourceTree = "<group>"; };
		A10F673719A2071C00EDEA29 /* NRIAppDelegate.m */ = {isa = PBXFileReference; lastKnownFileType = sourcecode.c.objc; path = NRIAppDelegate.m; sourceTree = "<group>"; };
		A10F673A19A2071C00EDEA29 /* Base */ = {isa = PBXFileReference; lastKnownFileType = file.storyboard; name = Base; path = Base.lproj/Main.storyboard; sourceTree = "<group>"; };
		A10F673C19A2071C00EDEA29 /* NRIViewController.h */ = {isa = PBXFileReference; lastKnownFileType = sourcecode.c.h; path = NRIViewController.h; sourceTree = "<group>"; };
		A10F673D19A2071C00EDEA29 /* NRIViewController.m */ = {isa = PBXFileReference; lastKnownFileType = sourcecode.c.objc; path = NRIViewController.m; sourceTree = "<group>"; };
		A10F673F19A2071C00EDEA29 /* Images.xcassets */ = {isa = PBXFileReference; lastKnownFileType = folder.assetcatalog; path = Images.xcassets; sourceTree = "<group>"; };
		A10F674519A2071C00EDEA29 /* NRInspectorTests.xctest */ = {isa = PBXFileReference; explicitFileType = wrapper.cfbundle; includeInIndex = 0; path = NRInspectorTests.xctest; sourceTree = BUILT_PRODUCTS_DIR; };
		A10F674619A2071C00EDEA29 /* XCTest.framework */ = {isa = PBXFileReference; lastKnownFileType = wrapper.framework; name = XCTest.framework; path = Library/Frameworks/XCTest.framework; sourceTree = DEVELOPER_DIR; };
		A10F674E19A2071C00EDEA29 /* NRInspectorTests-Info.plist */ = {isa = PBXFileReference; lastKnownFileType = text.plist.xml; path = "NRInspectorTests-Info.plist"; sourceTree = "<group>"; };
		A10F675019A2071C00EDEA29 /* en */ = {isa = PBXFileReference; lastKnownFileType = text.plist.strings; name = en; path = en.lproj/InfoPlist.strings; sourceTree = "<group>"; };
		A10F675219A2071C00EDEA29 /* NRInspectorTests.m */ = {isa = PBXFileReference; lastKnownFileType = sourcecode.c.objc; path = NRInspectorTests.m; sourceTree = "<group>"; };
/* End PBXFileReference section */

/* Begin PBXFrameworksBuildPhase section */
		A10F672119A2071C00EDEA29 /* Frameworks */ = {
			isa = PBXFrameworksBuildPhase;
			buildActionMask = 2147483647;
			files = (
				A10F672A19A2071C00EDEA29 /* CoreGraphics.framework in Frameworks */,
				A10F672C19A2071C00EDEA29 /* UIKit.framework in Frameworks */,
				A10F672819A2071C00EDEA29 /* Foundation.framework in Frameworks */,
			);
			runOnlyForDeploymentPostprocessing = 0;
		};
		A10F674219A2071C00EDEA29 /* Frameworks */ = {
			isa = PBXFrameworksBuildPhase;
			buildActionMask = 2147483647;
			files = (
				A10F674719A2071C00EDEA29 /* XCTest.framework in Frameworks */,
				A10F674919A2071C00EDEA29 /* UIKit.framework in Frameworks */,
				A10F674819A2071C00EDEA29 /* Foundation.framework in Frameworks */,
			);
			runOnlyForDeploymentPostprocessing = 0;
		};
/* End PBXFrameworksBuildPhase section */

/* Begin PBXGroup section */
		A10F671B19A2071C00EDEA29 = {
			isa = PBXGroup;
			children = (
				A10F672D19A2071C00EDEA29 /* NRInspector */,
				A10F674C19A2071C00EDEA29 /* NRInspectorTests */,
				A10F672619A2071C00EDEA29 /* Frameworks */,
				A10F672519A2071C00EDEA29 /* Products */,
			);
			sourceTree = "<group>";
		};
		A10F672519A2071C00EDEA29 /* Products */ = {
			isa = PBXGroup;
			children = (
				A10F672419A2071C00EDEA29 /* NRInspector.app */,
				A10F674519A2071C00EDEA29 /* NRInspectorTests.xctest */,
			);
			name = Products;
			sourceTree = "<group>";
		};
		A10F672619A2071C00EDEA29 /* Frameworks */ = {
			isa = PBXGroup;
			children = (
				A10F672719A2071C00EDEA29 /* Foundation.framework */,
				A10F672919A2071C00EDEA29 /* CoreGraphics.framework */,
				A10F672B19A2071C00EDEA29 /* UIKit.framework */,
				A10F674619A2071C00EDEA29 /* XCTest.framework */,
			);
			name = Frameworks;
			sourceTree = "<group>";
		};
		A10F672D19A2071C00EDEA29 /* NRInspector */ = {
			isa = PBXGroup;
			children = (
				A10F673619A2071C00EDEA29 /* NRIAppDelegate.h */,
				A10F673719A2071C00EDEA29 /* NRIAppDelegate.m */,
				A10F673919A2071C00EDEA29 /* Main.storyboard */,
				A10F673C19A2071C00EDEA29 /* NRIViewController.h */,
				A10F673D19A2071C00EDEA29 /* NRIViewController.m */,
				A10F673F19A2071C00EDEA29 /* Images.xcassets */,
				A10F672E19A2071C00EDEA29 /* Supporting Files */,
			);
			path = NRInspector;
			sourceTree = "<group>";
		};
		A10F672E19A2071C00EDEA29 /* Supporting Files */ = {
			isa = PBXGroup;
			children = (
				A10F672F19A2071C00EDEA29 /* NRInspector-Info.plist */,
				A10F673019A2071C00EDEA29 /* InfoPlist.strings */,
				A10F673319A2071C00EDEA29 /* main.m */,
				A10F673519A2071C00EDEA29 /* NRInspector-Prefix.pch */,
			);
			name = "Supporting Files";
			sourceTree = "<group>";
		};
		A10F674C19A2071C00EDEA29 /* NRInspectorTests */ = {
			isa = PBXGroup;
			children = (
				A10F675219A2071C00EDEA29 /* NRInspectorTests.m */,
				A10F674D19A2071C00EDEA29 /* Supporting Files */,
			);
			path = NRInspectorTests;
			sourceTree = "<group>";
		};
		A10F674D19A2071C00EDEA29 /* Supporting Files */ = {
			isa = PBXGroup;
			children = (
				A10F674E19A2071C00EDEA29 /* NRInspectorTests-Info.plist */,
				A10F674F19A2071C00EDEA29 /* InfoPlist.strings */,
			);
			name = "Supporting Files";
			sourceTree = "<group>";
		};
/* End PBXGroup section */

/* Begin PBXNativeTarget section */
		A10F672319A2071C00EDEA29 /* NRInspector */ = {
			isa = PBXNativeTarget;
			buildConfigurationList = A10F675619A2071C00EDEA29 /* Build configuration list for PBXNativeTarget "NRInspector" */;
			buildPhases = (
				A10F672019A2071C00EDEA29 /* Sources */,
				A10F672119A2071C00EDEA29 /* Frameworks */,
				A10F672219A2071C00EDEA29 /* Resources */,
			);
			buildRules = (
			);
			dependencies = (
			);
			name = NRInspector;
			productName = NRInspector;
			productReference = A10F672419A2071C00EDEA29 /* NRInspector.app */;
			productType = "com.apple.product-type.application";
		};
		A10F674419A2071C00EDEA29 /* NRInspectorTests */ = {
			isa = PBXNativeTarget;
			buildConfigurationList = A10F675919A2071C00EDEA29 /* Build configuration list for PBXNativeTarget "NRInspectorTests" */;
			buildPhases = (
				A10F674119A2071C00EDEA29 /* Sources */,
				A10F674219A2071C00EDEA29 /* Frameworks */,
				A10F674319A2071C00EDEA29 /* Resources */,
			);
			buildRules = (
			);
			dependencies = (
				A10F674B19A2071C00EDEA29 /* PBXTargetDependency */,
			);
			name = NRInspectorTests;
			productName = NRInspectorTests;
			productReference = A10F674519A2071C00EDEA29 /* NRInspectorTests.xctest */;
			productType = "com.apple.product-type.bundle.unit-test";
		};
/* End PBXNativeTarget section */

/* Begin PBXProject section */
		A10F671C19A2071C00EDEA29 /* Project object */ = {
			isa = PBXProject;
			attributes = {
				CLASSPREFIX = NRI;
				LastUpgradeCheck = 0510;
				ORGANIZATIONNAME = niveusrosea;
				TargetAttributes = {
					A10F674419A2071C00EDEA29 = {
						TestTargetID = A10F672319A2071C00EDEA29;
					};
				};
			};
			buildConfigurationList = A10F671F19A2071C00EDEA29 /* Build configuration list for PBXProject "NRInspector" */;
			compatibilityVersion = "Xcode 3.2";
			developmentRegion = English;
			hasScannedForEncodings = 0;
			knownRegions = (
				en,
				Base,
			);
			mainGroup = A10F671B19A2071C00EDEA29;
			productRefGroup = A10F672519A2071C00EDEA29 /* Products */;
			projectDirPath = "";
			projectRoot = "";
			targets = (
				A10F672319A2071C00EDEA29 /* NRInspector */,
				A10F674419A2071C00EDEA29 /* NRInspectorTests */,
			);
		};
/* End PBXProject section */

/* Begin PBXResourcesBuildPhase section */
		A10F672219A2071C00EDEA29 /* Resources */ = {
			isa = PBXResourcesBuildPhase;
			buildActionMask = 2147483647;
			files = (
				A10F674019A2071C00EDEA29 /* Images.xcassets in Resources */,
				A10F673219A2071C00EDEA29 /* InfoPlist.strings in Resources */,
				A10F673B19A2071C00EDEA29 /* Main.storyboard in Resources */,
			);
			runOnlyForDeploymentPostprocessing = 0;
		};
		A10F674319A2071C00EDEA29 /* Resources */ = {
			isa = PBXResourcesBuildPhase;
			buildActionMask = 2147483647;
			files = (
				A10F675119A2071C00EDEA29 /* InfoPlist.strings in Resources */,
			);
			runOnlyForDeploymentPostprocessing = 0;
		};
/* End PBXResourcesBuildPhase section */

/* Begin PBXSourcesBuildPhase section */
		A10F672019A2071C00EDEA29 /* Sources */ = {
			isa = PBXSourcesBuildPhase;
			buildActionMask = 2147483647;
			files = (
				A10F673E19A2071C00EDEA29 /* NRIViewController.m in Sources */,
				A10F673819A2071C00EDEA29 /* NRIAppDelegate.m in Sources */,
				A10F673419A2071C00EDEA29 /* main.m in Sources */,
			);
			runOnlyForDeploymentPostprocessing = 0;
		};
		A10F674119A2071C00EDEA29 /* Sources */ = {
			isa = PBXSourcesBuildPhase;
			buildActionMask = 2147483647;
			files = (
				A10F675319A2071C00EDEA29 /* NRInspectorTests.m in Sources */,
			);
			runOnlyForDeploymentPostprocessing = 0;
		};
/* End PBXSourcesBuildPhase section */

/* Begin PBXTargetDependency section */
		A10F674B19A2071C00EDEA29 /* PBXTargetDependency */ = {
			isa = PBXTargetDependency;
			target = A10F672319A2071C00EDEA29 /* NRInspector */;
			targetProxy = A10F674A19A2071C00EDEA29 /* PBXContainerItemProxy */;
		};
/* End PBXTargetDependency section */

/* Begin PBXVariantGroup section */
		A10F673019A2071C00EDEA29 /* InfoPlist.strings */ = {
			isa = PBXVariantGroup;
			children = (
				A10F673119A2071C00EDEA29 /* en */,
			);
			name = InfoPlist.strings;
			sourceTree = "<group>";
		};
		A10F673919A2071C00EDEA29 /* Main.storyboard */ = {
			isa = PBXVariantGroup;
			children = (
				A10F673A19A2071C00EDEA29 /* Base */,
			);
			name = Main.storyboard;
			sourceTree = "<group>";
		};
		A10F674F19A2071C00EDEA29 /* InfoPlist.strings */ = {
			isa = PBXVariantGroup;
			children = (
				A10F675019A2071C00EDEA29 /* en */,
			);
			name = InfoPlist.strings;
			sourceTree = "<group>";
		};
/* End PBXVariantGroup section */

/* Begin XCBuildConfiguration section */
		A10F675419A2071C00EDEA29 /* Debug */ = {
			isa = XCBuildConfiguration;
			buildSettings = {
				ALWAYS_SEARCH_USER_PATHS = NO;
				CLANG_CXX_LANGUAGE_STANDARD = "gnu++0x";
				CLANG_CXX_LIBRARY = "libc++";
				CLANG_ENABLE_MODULES = YES;
				CLANG_ENABLE_OBJC_ARC = YES;
				CLANG_WARN_BOOL_CONVERSION = YES;
				CLANG_WARN_CONSTANT_CONVERSION = YES;
				CLANG_WARN_DIRECT_OBJC_ISA_USAGE = YES_ERROR;
				CLANG_WARN_EMPTY_BODY = YES;
				CLANG_WARN_ENUM_CONVERSION = YES;
				CLANG_WARN_INT_CONVERSION = YES;
				CLANG_WARN_OBJC_ROOT_CLASS = YES_ERROR;
				CLANG_WARN__DUPLICATE_METHOD_MATCH = YES;
				"CODE_SIGN_IDENTITY[sdk=iphoneos*]" = "iPhone Developer";
				COPY_PHASE_STRIP = NO;
				GCC_C_LANGUAGE_STANDARD = gnu99;
				GCC_DYNAMIC_NO_PIC = NO;
				GCC_OPTIMIZATION_LEVEL = 0;
				GCC_PREPROCESSOR_DEFINITIONS = (
					"DEBUG=1",
					"$(inherited)",
				);
				GCC_SYMBOLS_PRIVATE_EXTERN = NO;
				GCC_WARN_64_TO_32_BIT_CONVERSION = YES;
				GCC_WARN_ABOUT_RETURN_TYPE = YES_ERROR;
				GCC_WARN_UNDECLARED_SELECTOR = YES;
				GCC_WARN_UNINITIALIZED_AUTOS = YES_AGGRESSIVE;
				GCC_WARN_UNUSED_FUNCTION = YES;
				GCC_WARN_UNUSED_VARIABLE = YES;
				IPHONEOS_DEPLOYMENT_TARGET = 7.1;
				ONLY_ACTIVE_ARCH = YES;
				SDKROOT = iphoneos;
			};
			name = Debug;
		};
		A10F675519A2071C00EDEA29 /* Release */ = {
			isa = XCBuildConfiguration;
			buildSettings = {
				ALWAYS_SEARCH_USER_PATHS = NO;
				CLANG_CXX_LANGUAGE_STANDARD = "gnu++0x";
				CLANG_CXX_LIBRARY = "libc++";
				CLANG_ENABLE_MODULES = YES;
				CLANG_ENABLE_OBJC_ARC = YES;
				CLANG_WARN_BOOL_CONVERSION = YES;
				CLANG_WARN_CONSTANT_CONVERSION = YES;
				CLANG_WARN_DIRECT_OBJC_ISA_USAGE = YES_ERROR;
				CLANG_WARN_EMPTY_BODY = YES;
				CLANG_WARN_ENUM_CONVERSION = YES;
				CLANG_WARN_INT_CONVERSION = YES;
				CLANG_WARN_OBJC_ROOT_CLASS = YES_ERROR;
				CLANG_WARN__DUPLICATE_METHOD_MATCH = YES;
				"CODE_SIGN_IDENTITY[sdk=iphoneos*]" = "iPhone Developer";
				COPY_PHASE_STRIP = YES;
				ENABLE_NS_ASSERTIONS = NO;
				GCC_C_LANGUAGE_STANDARD = gnu99;
				GCC_WARN_64_TO_32_BIT_CONVERSION = YES;
				GCC_WARN_ABOUT_RETURN_TYPE = YES_ERROR;
				GCC_WARN_UNDECLARED_SELECTOR = YES;
				GCC_WARN_UNINITIALIZED_AUTOS = YES_AGGRESSIVE;
				GCC_WARN_UNUSED_FUNCTION = YES;
				GCC_WARN_UNUSED_VARIABLE = YES;
				IPHONEOS_DEPLOYMENT_TARGET = 7.1;
				SDKROOT = iphoneos;
				VALIDATE_PRODUCT = YES;
			};
			name = Release;
		};
		A10F675719A2071C00EDEA29 /* Debug */ = {
			isa = XCBuildConfiguration;
			buildSettings = {
				ASSETCATALOG_COMPILER_APPICON_NAME = AppIcon;
				ASSETCATALOG_COMPILER_LAUNCHIMAGE_NAME = LaunchImage;
				GCC_PRECOMPILE_PREFIX_HEADER = YES;
				GCC_PREFIX_HEADER = "NRInspector/NRInspector-Prefix.pch";
				INFOPLIST_FILE = "NRInspector/NRInspector-Info.plist";
				PRODUCT_NAME = "$(TARGET_NAME)";
				WRAPPER_EXTENSION = app;
			};
			name = Debug;
		};
		A10F675819A2071C00EDEA29 /* Release */ = {
			isa = XCBuildConfiguration;
			buildSettings = {
				ASSETCATALOG_COMPILER_APPICON_NAME = AppIcon;
				ASSETCATALOG_COMPILER_LAUNCHIMAGE_NAME = LaunchImage;
				GCC_PRECOMPILE_PREFIX_HEADER = YES;
				GCC_PREFIX_HEADER = "NRInspector/NRInspector-Prefix.pch";
				INFOPLIST_FILE = "NRInspector/NRInspector-Info.plist";
				PRODUCT_NAME = "$(TARGET_NAME)";
				WRAPPER_EXTENSION = app;
			};
			name = Release;
		};
		A10F675A19A2071C00EDEA29 /* Debug */ = {
			isa = XCBuildConfiguration;
			buildSettings = {
				BUNDLE_LOADER = "$(BUILT_PRODUCTS_DIR)/NRInspector.app/NRInspector";
				FRAMEWORK_SEARCH_PATHS = (
					"$(SDKROOT)/Developer/Library/Frameworks",
					"$(inherited)",
					"$(DEVELOPER_FRAMEWORKS_DIR)",
				);
				GCC_PRECOMPILE_PREFIX_HEADER = YES;
				GCC_PREFIX_HEADER = "NRInspector/NRInspector-Prefix.pch";
				GCC_PREPROCESSOR_DEFINITIONS = (
					"DEBUG=1",
					"$(inherited)",
				);
				INFOPLIST_FILE = "NRInspectorTests/NRInspectorTests-Info.plist";
				PRODUCT_NAME = "$(TARGET_NAME)";
				TEST_HOST = "$(BUNDLE_LOADER)";
				WRAPPER_EXTENSION = xctest;
			};
			name = Debug;
		};
		A10F675B19A2071C00EDEA29 /* Release */ = {
			isa = XCBuildConfiguration;
			buildSettings = {
				BUNDLE_LOADER = "$(BUILT_PRODUCTS_DIR)/NRInspector.app/NRInspector";
				FRAMEWORK_SEARCH_PATHS = (
					"$(SDKROOT)/Developer/Library/Frameworks",
					"$(inherited)",
					"$(DEVELOPER_FRAMEWORKS_DIR)",
				);
				GCC_PRECOMPILE_PREFIX_HEADER = YES;
				GCC_PREFIX_HEADER = "NRInspector/NRInspector-Prefix.pch";
				INFOPLIST_FILE = "NRInspectorTests/NRInspectorTests-Info.plist";
				PRODUCT_NAME = "$(TARGET_NAME)";
				TEST_HOST = "$(BUNDLE_LOADER)";
				WRAPPER_EXTENSION = xctest;
			};
			name = Release;
		};
/* End XCBuildConfiguration section */

/* Begin XCConfigurationList section */
		A10F671F19A2071C00EDEA29 /* Build configuration list for PBXProject "NRInspector" */ = {
			isa = XCConfigurationList;
			buildConfigurations = (
				A10F675419A2071C00EDEA29 /* Debug */,
				A10F675519A2071C00EDEA29 /* Release */,
			);
			defaultConfigurationIsVisible = 0;
			defaultConfigurationName = Release;
		};
		A10F675619A2071C00EDEA29 /* Build configuration list for PBXNativeTarget "NRInspector" */ = {
			isa = XCConfigurationList;
			buildConfigurations = (
				A10F675719A2071C00EDEA29 /* Debug */,
				A10F675819A2071C00EDEA29 /* Release */,
			);
			defaultConfigurationIsVisible = 0;
		};
		A10F675919A2071C00EDEA29 /* Build configuration list for PBXNativeTarget "NRInspectorTests" */ = {
			isa = XCConfigurationList;
			buildConfigurations = (
				A10F675A19A2071C00EDEA29 /* Debug */,
				A10F675B19A2071C00EDEA29 /* Release */,
			);
			defaultConfigurationIsVisible = 0;
		};
/* End XCConfigurationList section */
	};
	rootObject = A10F671C19A2071C00EDEA29 /* Project object */;
}
