// !$*UTF8*$!
{
	archiveVersion = 1;
	classes = {
	};
	objectVersion = 46;
	objects = {

/* Begin PBXBuildFile section */
		A10F672819A2071C00EDEA29 /* Foundation.framework in Frameworks */ = {isa = PBXBuildFile; fileRef = A10F672719A2071C00EDEA29 /* Foundation.framework */; };
		A10F672A19A2071C00EDEA29 /* CoreGraphics.framework in Frameworks */ = {isa = PBXBuildFile; fileRef = A10F672919A2071C00EDEA29 /* CoreGraphics.framework */; };
		A10F672C19A2071C00EDEA29 /* UIKit.framework in Frameworks */ = {isa = PBXBuildFile; fileRef = A10F672B19A2071C00EDEA29 /* UIKit.framework */; };
		A10F673219A2071C00EDEA29 /* InfoPlist.strings in Resources */ = {isa = PBXBuildFile; fileRef = A10F673019A2071C00EDEA29 /* InfoPlist.strings */; };
		A10F673419A2071C00EDEA29 /* main.m in Sources */ = {isa = PBXBuildFile; fileRef = A10F673319A2071C00EDEA29 /* main.m */; };
		A10F673819A2071C00EDEA29 /* NRIAppDelegate.m in Sources */ = {isa = PBXBuildFile; fileRef = A10F673719A2071C00EDEA29 /* NRIAppDelegate.m */; };
		A10F673B19A2071C00EDEA29 /* Main.storyboard in Resources */ = {isa = PBXBuildFile; fileRef = A10F673919A2071C00EDEA29 /* Main.storyboard */; };
		A10F673E19A2071C00EDEA29 /* NRIViewController.m in Sources */ = {isa = PBXBuildFile; fileRef = A10F673D19A2071C00EDEA29 /* NRIViewController.m */; };
		A10F674019A2071C00EDEA29 /* Images.xcassets in Resources */ = {isa = PBXBuildFile; fileRef = A10F673F19A2071C00EDEA29 /* Images.xcassets */; };
		A10F676119A209CE00EDEA29 /* Foundation.framework in Frameworks */ = {isa = PBXBuildFile; fileRef = A10F672719A2071C00EDEA29 /* Foundation.framework */; };
		A10F676619A209CE00EDEA29 /* NRNetworkInspector.h in CopyFiles */ = {isa = PBXBuildFile; fileRef = A10F676519A209CE00EDEA29 /* NRNetworkInspector.h */; };
		A10F676819A209CE00EDEA29 /* NRNetworkInspector.m in Sources */ = {isa = PBXBuildFile; fileRef = A10F676719A209CE00EDEA29 /* NRNetworkInspector.m */; };
		A10F678419A20A9700EDEA29 /* libNRNetworkInspector.a in Frameworks */ = {isa = PBXBuildFile; fileRef = A10F676019A209CE00EDEA29 /* libNRNetworkInspector.a */; };
		A10F678819A20C0A00EDEA29 /* NSURLConnection+NetworkInterceptor.m in Sources */ = {isa = PBXBuildFile; fileRef = A10F678719A20C0A00EDEA29 /* NSURLConnection+NetworkInterceptor.m */; };
		A15206B519A2394A007F87BC /* GCDWebServer.m in Sources */ = {isa = PBXBuildFile; fileRef = A152069619A2394A007F87BC /* GCDWebServer.m */; };
		A15206B619A2394A007F87BC /* GCDWebServerConnection.m in Sources */ = {isa = PBXBuildFile; fileRef = A152069819A2394A007F87BC /* GCDWebServerConnection.m */; };
		A15206B719A2394A007F87BC /* GCDWebServerFunctions.m in Sources */ = {isa = PBXBuildFile; fileRef = A152069A19A2394A007F87BC /* GCDWebServerFunctions.m */; };
		A15206B819A2394A007F87BC /* GCDWebServerRequest.m in Sources */ = {isa = PBXBuildFile; fileRef = A152069E19A2394A007F87BC /* GCDWebServerRequest.m */; };
		A15206B919A2394A007F87BC /* GCDWebServerResponse.m in Sources */ = {isa = PBXBuildFile; fileRef = A15206A019A2394A007F87BC /* GCDWebServerResponse.m */; };
		A15206BA19A2394A007F87BC /* GCDWebServerDataRequest.m in Sources */ = {isa = PBXBuildFile; fileRef = A15206A319A2394A007F87BC /* GCDWebServerDataRequest.m */; };
		A15206BB19A2394A007F87BC /* GCDWebServerFileRequest.m in Sources */ = {isa = PBXBuildFile; fileRef = A15206A519A2394A007F87BC /* GCDWebServerFileRequest.m */; };
		A15206BC19A2394A007F87BC /* GCDWebServerMultiPartFormRequest.m in Sources */ = {isa = PBXBuildFile; fileRef = A15206A719A2394A007F87BC /* GCDWebServerMultiPartFormRequest.m */; };
		A15206BD19A2394A007F87BC /* GCDWebServerURLEncodedFormRequest.m in Sources */ = {isa = PBXBuildFile; fileRef = A15206A919A2394A007F87BC /* GCDWebServerURLEncodedFormRequest.m */; };
		A15206BE19A2394A007F87BC /* GCDWebServerDataResponse.m in Sources */ = {isa = PBXBuildFile; fileRef = A15206AC19A2394A007F87BC /* GCDWebServerDataResponse.m */; };
		A15206BF19A2394A007F87BC /* GCDWebServerErrorResponse.m in Sources */ = {isa = PBXBuildFile; fileRef = A15206AE19A2394A007F87BC /* GCDWebServerErrorResponse.m */; };
		A15206C019A2394A007F87BC /* GCDWebServerFileResponse.m in Sources */ = {isa = PBXBuildFile; fileRef = A15206B019A2394A007F87BC /* GCDWebServerFileResponse.m */; };
		A15206C119A2394A007F87BC /* GCDWebServerStreamedResponse.m in Sources */ = {isa = PBXBuildFile; fileRef = A15206B219A2394A007F87BC /* GCDWebServerStreamedResponse.m */; };
		A15206CA19A23A2E007F87BC /* MobileCoreServices.framework in Frameworks */ = {isa = PBXBuildFile; fileRef = A15206C819A23A15007F87BC /* MobileCoreServices.framework */; };
		A15206CB19A23A32007F87BC /* libxml2.dylib in Frameworks */ = {isa = PBXBuildFile; fileRef = A15206C219A239F6007F87BC /* libxml2.dylib */; };
		A15206CC19A23A36007F87BC /* libz.dylib in Frameworks */ = {isa = PBXBuildFile; fileRef = A15206C419A239FF007F87BC /* libz.dylib */; };
		A15206CD19A23A3A007F87BC /* CFNetwork.framework in Frameworks */ = {isa = PBXBuildFile; fileRef = A15206C619A23A10007F87BC /* CFNetwork.framework */; };
		A15206CE19A23A56007F87BC /* libz.dylib in Frameworks */ = {isa = PBXBuildFile; fileRef = A15206C419A239FF007F87BC /* libz.dylib */; };
		A15206CF19A23A5C007F87BC /* libxml2.dylib in Frameworks */ = {isa = PBXBuildFile; fileRef = A15206C219A239F6007F87BC /* libxml2.dylib */; };
		A15206D019A23A63007F87BC /* MobileCoreServices.framework in Frameworks */ = {isa = PBXBuildFile; fileRef = A15206C819A23A15007F87BC /* MobileCoreServices.framework */; };
		A15206D119A23A6C007F87BC /* CFNetwork.framework in Frameworks */ = {isa = PBXBuildFile; fileRef = A15206C619A23A10007F87BC /* CFNetwork.framework */; };
/* End PBXBuildFile section */

/* Begin PBXContainerItemProxy section */
		A10F678219A20A8400EDEA29 /* PBXContainerItemProxy */ = {
			isa = PBXContainerItemProxy;
			containerPortal = A10F671C19A2071C00EDEA29 /* Project object */;
			proxyType = 1;
			remoteGlobalIDString = A10F675F19A209CE00EDEA29;
			remoteInfo = NRInspectorLib;
		};
/* End PBXContainerItemProxy section */

/* Begin PBXCopyFilesBuildPhase section */
		A10F675E19A209CE00EDEA29 /* CopyFiles */ = {
			isa = PBXCopyFilesBuildPhase;
			buildActionMask = 2147483647;
			dstPath = "include/$(PRODUCT_NAME)";
			dstSubfolderSpec = 16;
			files = (
				A10F676619A209CE00EDEA29 /* NRNetworkInspector.h in CopyFiles */,
			);
			runOnlyForDeploymentPostprocessing = 0;
		};
/* End PBXCopyFilesBuildPhase section */

/* Begin PBXFileReference section */
		48FEF3DBC4174C8D825D0A93 /* libPods.a */ = {isa = PBXFileReference; explicitFileType = archive.ar; includeInIndex = 0; path = libPods.a; sourceTree = BUILT_PRODUCTS_DIR; };
		A10F672419A2071C00EDEA29 /* NRNetworkInspector.app */ = {isa = PBXFileReference; explicitFileType = wrapper.application; includeInIndex = 0; path = NRNetworkInspector.app; sourceTree = BUILT_PRODUCTS_DIR; };
		A10F672719A2071C00EDEA29 /* Foundation.framework */ = {isa = PBXFileReference; lastKnownFileType = wrapper.framework; name = Foundation.framework; path = System/Library/Frameworks/Foundation.framework; sourceTree = SDKROOT; };
		A10F672919A2071C00EDEA29 /* CoreGraphics.framework */ = {isa = PBXFileReference; lastKnownFileType = wrapper.framework; name = CoreGraphics.framework; path = System/Library/Frameworks/CoreGraphics.framework; sourceTree = SDKROOT; };
		A10F672B19A2071C00EDEA29 /* UIKit.framework */ = {isa = PBXFileReference; lastKnownFileType = wrapper.framework; name = UIKit.framework; path = System/Library/Frameworks/UIKit.framework; sourceTree = SDKROOT; };
		A10F672F19A2071C00EDEA29 /* NRNetworkInspector-Info.plist */ = {isa = PBXFileReference; lastKnownFileType = text.plist.xml; path = "NRNetworkInspector-Info.plist"; sourceTree = "<group>"; };
		A10F673119A2071C00EDEA29 /* en */ = {isa = PBXFileReference; lastKnownFileType = text.plist.strings; name = en; path = en.lproj/InfoPlist.strings; sourceTree = "<group>"; };
		A10F673319A2071C00EDEA29 /* main.m */ = {isa = PBXFileReference; lastKnownFileType = sourcecode.c.objc; path = main.m; sourceTree = "<group>"; };
		A10F673519A2071C00EDEA29 /* NRNetworkInspector-Prefix.pch */ = {isa = PBXFileReference; lastKnownFileType = sourcecode.c.h; path = "NRNetworkInspector-Prefix.pch"; sourceTree = "<group>"; };
		A10F673619A2071C00EDEA29 /* NRIAppDelegate.h */ = {isa = PBXFileReference; lastKnownFileType = sourcecode.c.h; path = NRIAppDelegate.h; sourceTree = "<group>"; };
		A10F673719A2071C00EDEA29 /* NRIAppDelegate.m */ = {isa = PBXFileReference; lastKnownFileType = sourcecode.c.objc; path = NRIAppDelegate.m; sourceTree = "<group>"; };
		A10F673A19A2071C00EDEA29 /* Base */ = {isa = PBXFileReference; lastKnownFileType = file.storyboard; name = Base; path = Base.lproj/Main.storyboard; sourceTree = "<group>"; };
		A10F673C19A2071C00EDEA29 /* NRIViewController.h */ = {isa = PBXFileReference; lastKnownFileType = sourcecode.c.h; path = NRIViewController.h; sourceTree = "<group>"; };
		A10F673D19A2071C00EDEA29 /* NRIViewController.m */ = {isa = PBXFileReference; lastKnownFileType = sourcecode.c.objc; path = NRIViewController.m; sourceTree = "<group>"; };
		A10F673F19A2071C00EDEA29 /* Images.xcassets */ = {isa = PBXFileReference; lastKnownFileType = folder.assetcatalog; path = Images.xcassets; sourceTree = "<group>"; };
		A10F674619A2071C00EDEA29 /* XCTest.framework */ = {isa = PBXFileReference; lastKnownFileType = wrapper.framework; name = XCTest.framework; path = Library/Frameworks/XCTest.framework; sourceTree = DEVELOPER_DIR; };
		A10F676019A209CE00EDEA29 /* libNRNetworkInspector.a */ = {isa = PBXFileReference; explicitFileType = archive.ar; includeInIndex = 0; path = libNRNetworkInspector.a; sourceTree = BUILT_PRODUCTS_DIR; };
		A10F676419A209CE00EDEA29 /* NRNetworkInspectorLib-Prefix.pch */ = {isa = PBXFileReference; lastKnownFileType = sourcecode.c.h; path = "NRNetworkInspectorLib-Prefix.pch"; sourceTree = "<group>"; };
		A10F676519A209CE00EDEA29 /* NRNetworkInspector.h */ = {isa = PBXFileReference; lastKnownFileType = sourcecode.c.h; path = NRNetworkInspector.h; sourceTree = "<group>"; };
		A10F676719A209CE00EDEA29 /* NRNetworkInspector.m */ = {isa = PBXFileReference; lastKnownFileType = sourcecode.c.objc; path = NRNetworkInspector.m; sourceTree = "<group>"; };
		A10F678619A20C0A00EDEA29 /* NSURLConnection+NetworkInterceptor.h */ = {isa = PBXFileReference; fileEncoding = 4; lastKnownFileType = sourcecode.c.h; path = "NSURLConnection+NetworkInterceptor.h"; sourceTree = "<group>"; };
		A10F678719A20C0A00EDEA29 /* NSURLConnection+NetworkInterceptor.m */ = {isa = PBXFileReference; fileEncoding = 4; lastKnownFileType = sourcecode.c.objc; path = "NSURLConnection+NetworkInterceptor.m"; sourceTree = "<group>"; };
		A152068619A2189C007F87BC /* index.html */ = {isa = PBXFileReference; fileEncoding = 4; lastKnownFileType = text.html; path = index.html; sourceTree = "<group>"; };
		A152069519A2394A007F87BC /* GCDWebServer.h */ = {isa = PBXFileReference; fileEncoding = 4; lastKnownFileType = sourcecode.c.h; path = GCDWebServer.h; sourceTree = "<group>"; };
		A152069619A2394A007F87BC /* GCDWebServer.m */ = {isa = PBXFileReference; fileEncoding = 4; lastKnownFileType = sourcecode.c.objc; path = GCDWebServer.m; sourceTree = "<group>"; };
		A152069719A2394A007F87BC /* GCDWebServerConnection.h */ = {isa = PBXFileReference; fileEncoding = 4; lastKnownFileType = sourcecode.c.h; path = GCDWebServerConnection.h; sourceTree = "<group>"; };
		A152069819A2394A007F87BC /* GCDWebServerConnection.m */ = {isa = PBXFileReference; fileEncoding = 4; lastKnownFileType = sourcecode.c.objc; path = GCDWebServerConnection.m; sourceTree = "<group>"; };
		A152069919A2394A007F87BC /* GCDWebServerFunctions.h */ = {isa = PBXFileReference; fileEncoding = 4; lastKnownFileType = sourcecode.c.h; path = GCDWebServerFunctions.h; sourceTree = "<group>"; };
		A152069A19A2394A007F87BC /* GCDWebServerFunctions.m */ = {isa = PBXFileReference; fileEncoding = 4; lastKnownFileType = sourcecode.c.objc; path = GCDWebServerFunctions.m; sourceTree = "<group>"; };
		A152069B19A2394A007F87BC /* GCDWebServerHTTPStatusCodes.h */ = {isa = PBXFileReference; fileEncoding = 4; lastKnownFileType = sourcecode.c.h; path = GCDWebServerHTTPStatusCodes.h; sourceTree = "<group>"; };
		A152069C19A2394A007F87BC /* GCDWebServerPrivate.h */ = {isa = PBXFileReference; fileEncoding = 4; lastKnownFileType = sourcecode.c.h; path = GCDWebServerPrivate.h; sourceTree = "<group>"; };
		A152069D19A2394A007F87BC /* GCDWebServerRequest.h */ = {isa = PBXFileReference; fileEncoding = 4; lastKnownFileType = sourcecode.c.h; path = GCDWebServerRequest.h; sourceTree = "<group>"; };
		A152069E19A2394A007F87BC /* GCDWebServerRequest.m */ = {isa = PBXFileReference; fileEncoding = 4; lastKnownFileType = sourcecode.c.objc; path = GCDWebServerRequest.m; sourceTree = "<group>"; };
		A152069F19A2394A007F87BC /* GCDWebServerResponse.h */ = {isa = PBXFileReference; fileEncoding = 4; lastKnownFileType = sourcecode.c.h; path = GCDWebServerResponse.h; sourceTree = "<group>"; };
		A15206A019A2394A007F87BC /* GCDWebServerResponse.m */ = {isa = PBXFileReference; fileEncoding = 4; lastKnownFileType = sourcecode.c.objc; path = GCDWebServerResponse.m; sourceTree = "<group>"; };
		A15206A219A2394A007F87BC /* GCDWebServerDataRequest.h */ = {isa = PBXFileReference; fileEncoding = 4; lastKnownFileType = sourcecode.c.h; path = GCDWebServerDataRequest.h; sourceTree = "<group>"; };
		A15206A319A2394A007F87BC /* GCDWebServerDataRequest.m */ = {isa = PBXFileReference; fileEncoding = 4; lastKnownFileType = sourcecode.c.objc; path = GCDWebServerDataRequest.m; sourceTree = "<group>"; };
		A15206A419A2394A007F87BC /* GCDWebServerFileRequest.h */ = {isa = PBXFileReference; fileEncoding = 4; lastKnownFileType = sourcecode.c.h; path = GCDWebServerFileRequest.h; sourceTree = "<group>"; };
		A15206A519A2394A007F87BC /* GCDWebServerFileRequest.m */ = {isa = PBXFileReference; fileEncoding = 4; lastKnownFileType = sourcecode.c.objc; path = GCDWebServerFileRequest.m; sourceTree = "<group>"; };
		A15206A619A2394A007F87BC /* GCDWebServerMultiPartFormRequest.h */ = {isa = PBXFileReference; fileEncoding = 4; lastKnownFileType = sourcecode.c.h; path = GCDWebServerMultiPartFormRequest.h; sourceTree = "<group>"; };
		A15206A719A2394A007F87BC /* GCDWebServerMultiPartFormRequest.m */ = {isa = PBXFileReference; fileEncoding = 4; lastKnownFileType = sourcecode.c.objc; path = GCDWebServerMultiPartFormRequest.m; sourceTree = "<group>"; };
		A15206A819A2394A007F87BC /* GCDWebServerURLEncodedFormRequest.h */ = {isa = PBXFileReference; fileEncoding = 4; lastKnownFileType = sourcecode.c.h; path = GCDWebServerURLEncodedFormRequest.h; sourceTree = "<group>"; };
		A15206A919A2394A007F87BC /* GCDWebServerURLEncodedFormRequest.m */ = {isa = PBXFileReference; fileEncoding = 4; lastKnownFileType = sourcecode.c.objc; path = GCDWebServerURLEncodedFormRequest.m; sourceTree = "<group>"; };
		A15206AB19A2394A007F87BC /* GCDWebServerDataResponse.h */ = {isa = PBXFileReference; fileEncoding = 4; lastKnownFileType = sourcecode.c.h; path = GCDWebServerDataResponse.h; sourceTree = "<group>"; };
		A15206AC19A2394A007F87BC /* GCDWebServerDataResponse.m */ = {isa = PBXFileReference; fileEncoding = 4; lastKnownFileType = sourcecode.c.objc; path = GCDWebServerDataResponse.m; sourceTree = "<group>"; };
		A15206AD19A2394A007F87BC /* GCDWebServerErrorResponse.h */ = {isa = PBXFileReference; fileEncoding = 4; lastKnownFileType = sourcecode.c.h; path = GCDWebServerErrorResponse.h; sourceTree = "<group>"; };
		A15206AE19A2394A007F87BC /* GCDWebServerErrorResponse.m */ = {isa = PBXFileReference; fileEncoding = 4; lastKnownFileType = sourcecode.c.objc; path = GCDWebServerErrorResponse.m; sourceTree = "<group>"; };
		A15206AF19A2394A007F87BC /* GCDWebServerFileResponse.h */ = {isa = PBXFileReference; fileEncoding = 4; lastKnownFileType = sourcecode.c.h; path = GCDWebServerFileResponse.h; sourceTree = "<group>"; };
		A15206B019A2394A007F87BC /* GCDWebServerFileResponse.m */ = {isa = PBXFileReference; fileEncoding = 4; lastKnownFileType = sourcecode.c.objc; path = GCDWebServerFileResponse.m; sourceTree = "<group>"; };
		A15206B119A2394A007F87BC /* GCDWebServerStreamedResponse.h */ = {isa = PBXFileReference; fileEncoding = 4; lastKnownFileType = sourcecode.c.h; path = GCDWebServerStreamedResponse.h; sourceTree = "<group>"; };
		A15206B219A2394A007F87BC /* GCDWebServerStreamedResponse.m */ = {isa = PBXFileReference; fileEncoding = 4; lastKnownFileType = sourcecode.c.objc; path = GCDWebServerStreamedResponse.m; sourceTree = "<group>"; };
		A15206C219A239F6007F87BC /* libxml2.dylib */ = {isa = PBXFileReference; lastKnownFileType = "compiled.mach-o.dylib"; name = libxml2.dylib; path = usr/lib/libxml2.dylib; sourceTree = SDKROOT; };
		A15206C419A239FF007F87BC /* libz.dylib */ = {isa = PBXFileReference; lastKnownFileType = "compiled.mach-o.dylib"; name = libz.dylib; path = usr/lib/libz.dylib; sourceTree = SDKROOT; };
		A15206C619A23A10007F87BC /* CFNetwork.framework */ = {isa = PBXFileReference; lastKnownFileType = wrapper.framework; name = CFNetwork.framework; path = System/Library/Frameworks/CFNetwork.framework; sourceTree = SDKROOT; };
		A15206C819A23A15007F87BC /* MobileCoreServices.framework */ = {isa = PBXFileReference; lastKnownFileType = wrapper.framework; name = MobileCoreServices.framework; path = System/Library/Frameworks/MobileCoreServices.framework; sourceTree = SDKROOT; };
/* End PBXFileReference section */

/* Begin PBXFrameworksBuildPhase section */
		A10F672119A2071C00EDEA29 /* Frameworks */ = {
			isa = PBXFrameworksBuildPhase;
			buildActionMask = 2147483647;
			files = (
				A15206D119A23A6C007F87BC /* CFNetwork.framework in Frameworks */,
				A15206D019A23A63007F87BC /* MobileCoreServices.framework in Frameworks */,
				A15206CF19A23A5C007F87BC /* libxml2.dylib in Frameworks */,
				A15206CE19A23A56007F87BC /* libz.dylib in Frameworks */,
				A10F678419A20A9700EDEA29 /* libNRNetworkInspector.a in Frameworks */,
				A10F672A19A2071C00EDEA29 /* CoreGraphics.framework in Frameworks */,
				A10F672C19A2071C00EDEA29 /* UIKit.framework in Frameworks */,
				A10F672819A2071C00EDEA29 /* Foundation.framework in Frameworks */,
			);
			runOnlyForDeploymentPostprocessing = 0;
		};
		A10F675D19A209CE00EDEA29 /* Frameworks */ = {
			isa = PBXFrameworksBuildPhase;
			buildActionMask = 2147483647;
			files = (
				A15206CD19A23A3A007F87BC /* CFNetwork.framework in Frameworks */,
				A15206CC19A23A36007F87BC /* libz.dylib in Frameworks */,
				A15206CB19A23A32007F87BC /* libxml2.dylib in Frameworks */,
				A15206CA19A23A2E007F87BC /* MobileCoreServices.framework in Frameworks */,
				A10F676119A209CE00EDEA29 /* Foundation.framework in Frameworks */,
			);
			runOnlyForDeploymentPostprocessing = 0;
		};
/* End PBXFrameworksBuildPhase section */

/* Begin PBXGroup section */
		A10F671B19A2071C00EDEA29 = {
			isa = PBXGroup;
			children = (
				A10F672D19A2071C00EDEA29 /* NRInspector */,
				A10F676219A209CE00EDEA29 /* NRNetworkInspector */,
				A10F672619A2071C00EDEA29 /* Frameworks */,
				A10F672519A2071C00EDEA29 /* Products */,
			);
			sourceTree = "<group>";
		};
		A10F672519A2071C00EDEA29 /* Products */ = {
			isa = PBXGroup;
			children = (
				A10F672419A2071C00EDEA29 /* NRNetworkInspector.app */,
				A10F676019A209CE00EDEA29 /* libNRNetworkInspector.a */,
			);
			name = Products;
			sourceTree = "<group>";
		};
		A10F672619A2071C00EDEA29 /* Frameworks */ = {
			isa = PBXGroup;
			children = (
				A15206C819A23A15007F87BC /* MobileCoreServices.framework */,
				A15206C619A23A10007F87BC /* CFNetwork.framework */,
				A15206C419A239FF007F87BC /* libz.dylib */,
				A15206C219A239F6007F87BC /* libxml2.dylib */,
				A10F672719A2071C00EDEA29 /* Foundation.framework */,
				A10F672919A2071C00EDEA29 /* CoreGraphics.framework */,
				A10F672B19A2071C00EDEA29 /* UIKit.framework */,
				A10F674619A2071C00EDEA29 /* XCTest.framework */,
				48FEF3DBC4174C8D825D0A93 /* libPods.a */,
			);
			name = Frameworks;
			sourceTree = "<group>";
		};
		A10F672D19A2071C00EDEA29 /* NRInspector */ = {
			isa = PBXGroup;
			children = (
				A15206B419A2394A007F87BC /* GCDWebServer */,
				A10F673619A2071C00EDEA29 /* NRIAppDelegate.h */,
				A10F673719A2071C00EDEA29 /* NRIAppDelegate.m */,
				A10F673919A2071C00EDEA29 /* Main.storyboard */,
				A10F673C19A2071C00EDEA29 /* NRIViewController.h */,
				A10F673D19A2071C00EDEA29 /* NRIViewController.m */,
				A10F673F19A2071C00EDEA29 /* Images.xcassets */,
				A10F672E19A2071C00EDEA29 /* Supporting Files */,
			);
			path = NRInspector;
			sourceTree = "<group>";
		};
		A10F672E19A2071C00EDEA29 /* Supporting Files */ = {
			isa = PBXGroup;
			children = (
				A10F672F19A2071C00EDEA29 /* NRNetworkInspector-Info.plist */,
				A10F673019A2071C00EDEA29 /* InfoPlist.strings */,
				A10F673319A2071C00EDEA29 /* main.m */,
				A10F673519A2071C00EDEA29 /* NRNetworkInspector-Prefix.pch */,
			);
			name = "Supporting Files";
			sourceTree = "<group>";
		};
		A10F676219A209CE00EDEA29 /* NRNetworkInspector */ = {
			isa = PBXGroup;
			children = (
				A10F678519A20AAC00EDEA29 /* Categories */,
				A10F676519A209CE00EDEA29 /* NRNetworkInspector.h */,
				A10F676719A209CE00EDEA29 /* NRNetworkInspector.m */,
				A10F676319A209CE00EDEA29 /* Supporting Files */,
			);
			path = NRNetworkInspector;
			sourceTree = "<group>";
		};
		A10F676319A209CE00EDEA29 /* Supporting Files */ = {
			isa = PBXGroup;
			children = (
				A10F676419A209CE00EDEA29 /* NRNetworkInspectorLib-Prefix.pch */,
				A152068619A2189C007F87BC /* index.html */,
			);
			name = "Supporting Files";
			sourceTree = "<group>";
		};
		A10F678519A20AAC00EDEA29 /* Categories */ = {
			isa = PBXGroup;
			children = (
				A10F678619A20C0A00EDEA29 /* NSURLConnection+NetworkInterceptor.h */,
				A10F678719A20C0A00EDEA29 /* NSURLConnection+NetworkInterceptor.m */,
			);
			name = Categories;
			sourceTree = "<group>";
		};
		A15206A119A2394A007F87BC /* Core */ = {
			isa = PBXGroup;
			children = (
				A152069519A2394A007F87BC /* GCDWebServer.h */,
				A152069619A2394A007F87BC /* GCDWebServer.m */,
				A152069719A2394A007F87BC /* GCDWebServerConnection.h */,
				A152069819A2394A007F87BC /* GCDWebServerConnection.m */,
				A152069919A2394A007F87BC /* GCDWebServerFunctions.h */,
				A152069A19A2394A007F87BC /* GCDWebServerFunctions.m */,
				A152069B19A2394A007F87BC /* GCDWebServerHTTPStatusCodes.h */,
				A152069C19A2394A007F87BC /* GCDWebServerPrivate.h */,
				A152069D19A2394A007F87BC /* GCDWebServerRequest.h */,
				A152069E19A2394A007F87BC /* GCDWebServerRequest.m */,
				A152069F19A2394A007F87BC /* GCDWebServerResponse.h */,
				A15206A019A2394A007F87BC /* GCDWebServerResponse.m */,
			);
			path = Core;
			sourceTree = "<group>";
		};
		A15206AA19A2394A007F87BC /* Requests */ = {
			isa = PBXGroup;
			children = (
				A15206A219A2394A007F87BC /* GCDWebServerDataRequest.h */,
				A15206A319A2394A007F87BC /* GCDWebServerDataRequest.m */,
				A15206A419A2394A007F87BC /* GCDWebServerFileRequest.h */,
				A15206A519A2394A007F87BC /* GCDWebServerFileRequest.m */,
				A15206A619A2394A007F87BC /* GCDWebServerMultiPartFormRequest.h */,
				A15206A719A2394A007F87BC /* GCDWebServerMultiPartFormRequest.m */,
				A15206A819A2394A007F87BC /* GCDWebServerURLEncodedFormRequest.h */,
				A15206A919A2394A007F87BC /* GCDWebServerURLEncodedFormRequest.m */,
			);
			path = Requests;
			sourceTree = "<group>";
		};
		A15206B319A2394A007F87BC /* Responses */ = {
			isa = PBXGroup;
			children = (
				A15206AB19A2394A007F87BC /* GCDWebServerDataResponse.h */,
				A15206AC19A2394A007F87BC /* GCDWebServerDataResponse.m */,
				A15206AD19A2394A007F87BC /* GCDWebServerErrorResponse.h */,
				A15206AE19A2394A007F87BC /* GCDWebServerErrorResponse.m */,
				A15206AF19A2394A007F87BC /* GCDWebServerFileResponse.h */,
				A15206B019A2394A007F87BC /* GCDWebServerFileResponse.m */,
				A15206B119A2394A007F87BC /* GCDWebServerStreamedResponse.h */,
				A15206B219A2394A007F87BC /* GCDWebServerStreamedResponse.m */,
			);
			path = Responses;
			sourceTree = "<group>";
		};
		A15206B419A2394A007F87BC /* GCDWebServer */ = {
			isa = PBXGroup;
			children = (
				A15206A119A2394A007F87BC /* Core */,
				A15206AA19A2394A007F87BC /* Requests */,
				A15206B319A2394A007F87BC /* Responses */,
			);
			name = GCDWebServer;
			path = ../GCDWebServer/GCDWebServer;
			sourceTree = "<group>";
		};
/* End PBXGroup section */

/* Begin PBXNativeTarget section */
		A10F672319A2071C00EDEA29 /* NRNetworkInspectorDemo */ = {
			isa = PBXNativeTarget;
			buildConfigurationList = A10F675619A2071C00EDEA29 /* Build configuration list for PBXNativeTarget "NRNetworkInspectorDemo" */;
			buildPhases = (
				A10F672019A2071C00EDEA29 /* Sources */,
				A10F672119A2071C00EDEA29 /* Frameworks */,
				A10F672219A2071C00EDEA29 /* Resources */,
			);
			buildRules = (
			);
			dependencies = (
				A10F678319A20A8400EDEA29 /* PBXTargetDependency */,
			);
			name = NRNetworkInspectorDemo;
			productName = NRInspector;
			productReference = A10F672419A2071C00EDEA29 /* NRNetworkInspector.app */;
			productType = "com.apple.product-type.application";
		};
		A10F675F19A209CE00EDEA29 /* NRNetworkInspector */ = {
			isa = PBXNativeTarget;
			buildConfigurationList = A10F678019A209CF00EDEA29 /* Build configuration list for PBXNativeTarget "NRNetworkInspector" */;
			buildPhases = (
				A10F675C19A209CE00EDEA29 /* Sources */,
				A10F675D19A209CE00EDEA29 /* Frameworks */,
				A10F675E19A209CE00EDEA29 /* CopyFiles */,
			);
			buildRules = (
			);
			dependencies = (
			);
			name = NRNetworkInspector;
			productName = NRInspectorLib;
			productReference = A10F676019A209CE00EDEA29 /* libNRNetworkInspector.a */;
			productType = "com.apple.product-type.library.static";
		};
/* End PBXNativeTarget section */

/* Begin PBXProject section */
		A10F671C19A2071C00EDEA29 /* Project object */ = {
			isa = PBXProject;
			attributes = {
				CLASSPREFIX = NRI;
				LastUpgradeCheck = 0510;
				ORGANIZATIONNAME = niveusrosea;
			};
			buildConfigurationList = A10F671F19A2071C00EDEA29 /* Build configuration list for PBXProject "NRNetworkInspector" */;
			compatibilityVersion = "Xcode 3.2";
			developmentRegion = English;
			hasScannedForEncodings = 0;
			knownRegions = (
				en,
				Base,
			);
			mainGroup = A10F671B19A2071C00EDEA29;
			productRefGroup = A10F672519A2071C00EDEA29 /* Products */;
			projectDirPath = "";
			projectRoot = "";
			targets = (
				A10F672319A2071C00EDEA29 /* NRNetworkInspectorDemo */,
				A10F675F19A209CE00EDEA29 /* NRNetworkInspector */,
			);
		};
/* End PBXProject section */

/* Begin PBXResourcesBuildPhase section */
		A10F672219A2071C00EDEA29 /* Resources */ = {
			isa = PBXResourcesBuildPhase;
			buildActionMask = 2147483647;
			files = (
				A10F674019A2071C00EDEA29 /* Images.xcassets in Resources */,
				A10F673219A2071C00EDEA29 /* InfoPlist.strings in Resources */,
				A10F673B19A2071C00EDEA29 /* Main.storyboard in Resources */,
			);
			runOnlyForDeploymentPostprocessing = 0;
		};
/* End PBXResourcesBuildPhase section */

/* Begin PBXSourcesBuildPhase section */
		A10F672019A2071C00EDEA29 /* Sources */ = {
			isa = PBXSourcesBuildPhase;
			buildActionMask = 2147483647;
			files = (
				A10F673E19A2071C00EDEA29 /* NRIViewController.m in Sources */,
				A10F673819A2071C00EDEA29 /* NRIAppDelegate.m in Sources */,
				A10F673419A2071C00EDEA29 /* main.m in Sources */,
			);
			runOnlyForDeploymentPostprocessing = 0;
		};
		A10F675C19A209CE00EDEA29 /* Sources */ = {
			isa = PBXSourcesBuildPhase;
			buildActionMask = 2147483647;
			files = (
				A10F676819A209CE00EDEA29 /* NRNetworkInspector.m in Sources */,
				A15206B719A2394A007F87BC /* GCDWebServerFunctions.m in Sources */,
				A15206BA19A2394A007F87BC /* GCDWebServerDataRequest.m in Sources */,
				A15206C119A2394A007F87BC /* GCDWebServerStreamedResponse.m in Sources */,
				A15206C019A2394A007F87BC /* GCDWebServerFileResponse.m in Sources */,
				A10F678819A20C0A00EDEA29 /* NSURLConnection+NetworkInterceptor.m in Sources */,
				A15206BD19A2394A007F87BC /* GCDWebServerURLEncodedFormRequest.m in Sources */,
				A15206B619A2394A007F87BC /* GCDWebServerConnection.m in Sources */,
				A15206BB19A2394A007F87BC /* GCDWebServerFileRequest.m in Sources */,
				A15206B919A2394A007F87BC /* GCDWebServerResponse.m in Sources */,
				A15206B819A2394A007F87BC /* GCDWebServerRequest.m in Sources */,
				A15206BF19A2394A007F87BC /* GCDWebServerErrorResponse.m in Sources */,
				A15206BE19A2394A007F87BC /* GCDWebServerDataResponse.m in Sources */,
				A15206B519A2394A007F87BC /* GCDWebServer.m in Sources */,
				A15206BC19A2394A007F87BC /* GCDWebServerMultiPartFormRequest.m in Sources */,
			);
			runOnlyForDeploymentPostprocessing = 0;
		};
/* End PBXSourcesBuildPhase section */

/* Begin PBXTargetDependency section */
		A10F678319A20A8400EDEA29 /* PBXTargetDependency */ = {
			isa = PBXTargetDependency;
			target = A10F675F19A209CE00EDEA29 /* NRNetworkInspector */;
			targetProxy = A10F678219A20A8400EDEA29 /* PBXContainerItemProxy */;
		};
/* End PBXTargetDependency section */

/* Begin PBXVariantGroup section */
		A10F673019A2071C00EDEA29 /* InfoPlist.strings */ = {
			isa = PBXVariantGroup;
			children = (
				A10F673119A2071C00EDEA29 /* en */,
			);
			name = InfoPlist.strings;
			sourceTree = "<group>";
		};
		A10F673919A2071C00EDEA29 /* Main.storyboard */ = {
			isa = PBXVariantGroup;
			children = (
				A10F673A19A2071C00EDEA29 /* Base */,
			);
			name = Main.storyboard;
			sourceTree = "<group>";
		};
/* End PBXVariantGroup section */

/* Begin XCBuildConfiguration section */
		A10F675419A2071C00EDEA29 /* Debug */ = {
			isa = XCBuildConfiguration;
			buildSettings = {
				ALWAYS_SEARCH_USER_PATHS = NO;
				CLANG_CXX_LANGUAGE_STANDARD = "gnu++0x";
				CLANG_CXX_LIBRARY = "libc++";
				CLANG_ENABLE_MODULES = YES;
				CLANG_ENABLE_OBJC_ARC = YES;
				CLANG_WARN_BOOL_CONVERSION = YES;
				CLANG_WARN_CONSTANT_CONVERSION = YES;
				CLANG_WARN_DIRECT_OBJC_ISA_USAGE = YES_ERROR;
				CLANG_WARN_EMPTY_BODY = YES;
				CLANG_WARN_ENUM_CONVERSION = YES;
				CLANG_WARN_INT_CONVERSION = YES;
				CLANG_WARN_OBJC_ROOT_CLASS = YES_ERROR;
				CLANG_WARN__DUPLICATE_METHOD_MATCH = YES;
				"CODE_SIGN_IDENTITY[sdk=iphoneos*]" = "iPhone Developer";
				COPY_PHASE_STRIP = NO;
				GCC_C_LANGUAGE_STANDARD = gnu99;
				GCC_DYNAMIC_NO_PIC = NO;
				GCC_OPTIMIZATION_LEVEL = 0;
				GCC_PREPROCESSOR_DEFINITIONS = (
					"DEBUG=1",
					"$(inherited)",
				);
				GCC_SYMBOLS_PRIVATE_EXTERN = NO;
				GCC_WARN_64_TO_32_BIT_CONVERSION = YES;
				GCC_WARN_ABOUT_RETURN_TYPE = YES_ERROR;
				GCC_WARN_UNDECLARED_SELECTOR = YES;
				GCC_WARN_UNINITIALIZED_AUTOS = YES_AGGRESSIVE;
				GCC_WARN_UNUSED_FUNCTION = YES;
				GCC_WARN_UNUSED_VARIABLE = YES;
				IPHONEOS_DEPLOYMENT_TARGET = 7.1;
				ONLY_ACTIVE_ARCH = YES;
				SDKROOT = iphoneos;
			};
			name = Debug;
		};
		A10F675519A2071C00EDEA29 /* Release */ = {
			isa = XCBuildConfiguration;
			buildSettings = {
				ALWAYS_SEARCH_USER_PATHS = NO;
				CLANG_CXX_LANGUAGE_STANDARD = "gnu++0x";
				CLANG_CXX_LIBRARY = "libc++";
				CLANG_ENABLE_MODULES = YES;
				CLANG_ENABLE_OBJC_ARC = YES;
				CLANG_WARN_BOOL_CONVERSION = YES;
				CLANG_WARN_CONSTANT_CONVERSION = YES;
				CLANG_WARN_DIRECT_OBJC_ISA_USAGE = YES_ERROR;
				CLANG_WARN_EMPTY_BODY = YES;
				CLANG_WARN_ENUM_CONVERSION = YES;
				CLANG_WARN_INT_CONVERSION = YES;
				CLANG_WARN_OBJC_ROOT_CLASS = YES_ERROR;
				CLANG_WARN__DUPLICATE_METHOD_MATCH = YES;
				"CODE_SIGN_IDENTITY[sdk=iphoneos*]" = "iPhone Developer";
				COPY_PHASE_STRIP = YES;
				ENABLE_NS_ASSERTIONS = NO;
				GCC_C_LANGUAGE_STANDARD = gnu99;
				GCC_WARN_64_TO_32_BIT_CONVERSION = YES;
				GCC_WARN_ABOUT_RETURN_TYPE = YES_ERROR;
				GCC_WARN_UNDECLARED_SELECTOR = YES;
				GCC_WARN_UNINITIALIZED_AUTOS = YES_AGGRESSIVE;
				GCC_WARN_UNUSED_FUNCTION = YES;
				GCC_WARN_UNUSED_VARIABLE = YES;
				IPHONEOS_DEPLOYMENT_TARGET = 7.1;
				SDKROOT = iphoneos;
				VALIDATE_PRODUCT = YES;
			};
			name = Release;
		};
		A10F675719A2071C00EDEA29 /* Debug */ = {
			isa = XCBuildConfiguration;
			buildSettings = {
				ASSETCATALOG_COMPILER_APPICON_NAME = AppIcon;
				ASSETCATALOG_COMPILER_LAUNCHIMAGE_NAME = LaunchImage;
				GCC_PRECOMPILE_PREFIX_HEADER = YES;
				GCC_PREFIX_HEADER = "NRInspector/NRNetworkInspector-Prefix.pch";
				INFOPLIST_FILE = "NRInspector/NRNetworkInspector-Info.plist";
				OTHER_LDFLAGS = "-ObjC";
				PRODUCT_NAME = NRNetworkInspector;
				WRAPPER_EXTENSION = app;
			};
			name = Debug;
		};
		A10F675819A2071C00EDEA29 /* Release */ = {
			isa = XCBuildConfiguration;
			buildSettings = {
				ASSETCATALOG_COMPILER_APPICON_NAME = AppIcon;
				ASSETCATALOG_COMPILER_LAUNCHIMAGE_NAME = LaunchImage;
				GCC_PRECOMPILE_PREFIX_HEADER = YES;
				GCC_PREFIX_HEADER = "NRInspector/NRNetworkInspector-Prefix.pch";
				INFOPLIST_FILE = "NRInspector/NRNetworkInspector-Info.plist";
				OTHER_LDFLAGS = "-ObjC";
				PRODUCT_NAME = NRNetworkInspector;
				WRAPPER_EXTENSION = app;
			};
			name = Release;
		};
		A10F677C19A209CF00EDEA29 /* Debug */ = {
			isa = XCBuildConfiguration;
			buildSettings = {
				DSTROOT = /tmp/NRInspectorLib.dst;
				GCC_PRECOMPILE_PREFIX_HEADER = YES;
				GCC_PREFIX_HEADER = "NRNetworkInspector/NRNetworkInspectorLib-Prefix.pch";
				GCC_PREPROCESSOR_DEFINITIONS = (
					"DEBUG=1",
					"$(inherited)",
				);
				OTHER_LDFLAGS = "-ObjC";
				PRODUCT_NAME = "$(TARGET_NAME)";
				SKIP_INSTALL = YES;
			};
			name = Debug;
		};
		A10F677D19A209CF00EDEA29 /* Release */ = {
			isa = XCBuildConfiguration;
			buildSettings = {
				DSTROOT = /tmp/NRInspectorLib.dst;
				GCC_PRECOMPILE_PREFIX_HEADER = YES;
				GCC_PREFIX_HEADER = "NRNetworkInspector/NRNetworkInspectorLib-Prefix.pch";
				OTHER_LDFLAGS = "-ObjC";
				PRODUCT_NAME = "$(TARGET_NAME)";
				SKIP_INSTALL = YES;
			};
			name = Release;
		};
/* End XCBuildConfiguration section */

/* Begin XCConfigurationList section */
		A10F671F19A2071C00EDEA29 /* Build configuration list for PBXProject "NRNetworkInspector" */ = {
			isa = XCConfigurationList;
			buildConfigurations = (
				A10F675419A2071C00EDEA29 /* Debug */,
				A10F675519A2071C00EDEA29 /* Release */,
			);
			defaultConfigurationIsVisible = 0;
			defaultConfigurationName = Release;
		};
		A10F675619A2071C00EDEA29 /* Build configuration list for PBXNativeTarget "NRNetworkInspectorDemo" */ = {
			isa = XCConfigurationList;
			buildConfigurations = (
				A10F675719A2071C00EDEA29 /* Debug */,
				A10F675819A2071C00EDEA29 /* Release */,
			);
			defaultConfigurationIsVisible = 0;
			defaultConfigurationName = Release;
		};
		A10F678019A209CF00EDEA29 /* Build configuration list for PBXNativeTarget "NRNetworkInspector" */ = {
			isa = XCConfigurationList;
			buildConfigurations = (
				A10F677C19A209CF00EDEA29 /* Debug */,
				A10F677D19A209CF00EDEA29 /* Release */,
			);
			defaultConfigurationIsVisible = 0;
			defaultConfigurationName = Release;
		};
/* End XCConfigurationList section */
	};
	rootObject = A10F671C19A2071C00EDEA29 /* Project object */;
}
